// !$*UTF8*$!
{
	archiveVersion = 1;
	classes = {
	};
	objectVersion = 50;
	objects = {

/* Begin PBXBuildFile section */
		DD31A446219D1E03008DD265 /* AppDelegate.m in Sources */ = {isa = PBXBuildFile; fileRef = DD31A445219D1E03008DD265 /* AppDelegate.m */; };
		DD31A449219D1E03008DD265 /* ViewController.m in Sources */ = {isa = PBXBuildFile; fileRef = DD31A448219D1E03008DD265 /* ViewController.m */; };
		DD31A44C219D1E03008DD265 /* Main.storyboard in Resources */ = {isa = PBXBuildFile; fileRef = DD31A44A219D1E03008DD265 /* Main.storyboard */; };
		DD31A44E219D1E17008DD265 /* Assets.xcassets in Resources */ = {isa = PBXBuildFile; fileRef = DD31A44D219D1E17008DD265 /* Assets.xcassets */; };
		DD31A451219D1E17008DD265 /* LaunchScreen.storyboard in Resources */ = {isa = PBXBuildFile; fileRef = DD31A44F219D1E17008DD265 /* LaunchScreen.storyboard */; };
		DD31A454219D1E17008DD265 /* main.m in Sources */ = {isa = PBXBuildFile; fileRef = DD31A453219D1E17008DD265 /* main.m */; };
		DD31A45E219D1E17008DD265 /* DemoDemoTests.m in Sources */ = {isa = PBXBuildFile; fileRef = DD31A45D219D1E17008DD265 /* DemoDemoTests.m */; };
		DD31A469219D1E17008DD265 /* DemoDemoUITests.m in Sources */ = {isa = PBXBuildFile; fileRef = DD31A468219D1E17008DD265 /* DemoDemoUITests.m */; };
/* End PBXBuildFile section */

/* Begin PBXContainerItemProxy section */
		DD31A45A219D1E17008DD265 /* PBXContainerItemProxy */ = {
			isa = PBXContainerItemProxy;
			containerPortal = DD31A439219D1E02008DD265 /* Project object */;
			proxyType = 1;
			remoteGlobalIDString = DD31A440219D1E03008DD265;
			remoteInfo = DemoDemo;
		};
		DD31A465219D1E17008DD265 /* PBXContainerItemProxy */ = {
			isa = PBXContainerItemProxy;
			containerPortal = DD31A439219D1E02008DD265 /* Project object */;
			proxyType = 1;
			remoteGlobalIDString = DD31A440219D1E03008DD265;
			remoteInfo = DemoDemo;
		};
/* End PBXContainerItemProxy section */

/* Begin PBXFileReference section */
		DD31A441219D1E03008DD265 /* DemoDemo.app */ = {isa = PBXFileReference; explicitFileType = wrapper.application; includeInIndex = 0; path = DemoDemo.app; sourceTree = BUILT_PRODUCTS_DIR; };
		DD31A444219D1E03008DD265 /* AppDelegate.h */ = {isa = PBXFileReference; lastKnownFileType = sourcecode.c.h; path = AppDelegate.h; sourceTree = "<group>"; };
		DD31A445219D1E03008DD265 /* AppDelegate.m */ = {isa = PBXFileReference; lastKnownFileType = sourcecode.c.objc; path = AppDelegate.m; sourceTree = "<group>"; };
		DD31A447219D1E03008DD265 /* ViewController.h */ = {isa = PBXFileReference; lastKnownFileType = sourcecode.c.h; path = ViewController.h; sourceTree = "<group>"; };
		DD31A448219D1E03008DD265 /* ViewController.m */ = {isa = PBXFileReference; lastKnownFileType = sourcecode.c.objc; path = ViewController.m; sourceTree = "<group>"; };
		DD31A44B219D1E03008DD265 /* Base */ = {isa = PBXFileReference; lastKnownFileType = file.storyboard; name = Base; path = Base.lproj/Main.storyboard; sourceTree = "<group>"; };
		DD31A44D219D1E17008DD265 /* Assets.xcassets */ = {isa = PBXFileReference; lastKnownFileType = folder.assetcatalog; path = Assets.xcassets; sourceTree = "<group>"; };
		DD31A450219D1E17008DD265 /* Base */ = {isa = PBXFileReference; lastKnownFileType = file.storyboard; name = Base; path = Base.lproj/LaunchScreen.storyboard; sourceTree = "<group>"; };
		DD31A452219D1E17008DD265 /* Info.plist */ = {isa = PBXFileReference; lastKnownFileType = text.plist.xml; path = Info.plist; sourceTree = "<group>"; };
		DD31A453219D1E17008DD265 /* main.m */ = {isa = PBXFileReference; lastKnownFileType = sourcecode.c.objc; path = main.m; sourceTree = "<group>"; };
		DD31A459219D1E17008DD265 /* DemoDemoTests.xctest */ = {isa = PBXFileReference; explicitFileType = wrapper.cfbundle; includeInIndex = 0; path = DemoDemoTests.xctest; sourceTree = BUILT_PRODUCTS_DIR; };
		DD31A45D219D1E17008DD265 /* DemoDemoTests.m */ = {isa = PBXFileReference; lastKnownFileType = sourcecode.c.objc; path = DemoDemoTests.m; sourceTree = "<group>"; };
		DD31A45F219D1E17008DD265 /* Info.plist */ = {isa = PBXFileReference; lastKnownFileType = text.plist.xml; path = Info.plist; sourceTree = "<group>"; };
		DD31A464219D1E17008DD265 /* DemoDemoUITests.xctest */ = {isa = PBXFileReference; explicitFileType = wrapper.cfbundle; includeInIndex = 0; path = DemoDemoUITests.xctest; sourceTree = BUILT_PRODUCTS_DIR; };
		DD31A468219D1E17008DD265 /* DemoDemoUITests.m */ = {isa = PBXFileReference; lastKnownFileType = sourcecode.c.objc; path = DemoDemoUITests.m; sourceTree = "<group>"; };
		DD31A46A219D1E17008DD265 /* Info.plist */ = {isa = PBXFileReference; lastKnownFileType = text.plist.xml; path = Info.plist; sourceTree = "<group>"; };
/* End PBXFileReference section */

/* Begin PBXFrameworksBuildPhase section */
		DD31A43E219D1E03008DD265 /* Frameworks */ = {
			isa = PBXFrameworksBuildPhase;
			buildActionMask = 2147483647;
			files = (
			);
			runOnlyForDeploymentPostprocessing = 0;
		};
		DD31A456219D1E17008DD265 /* Frameworks */ = {
			isa = PBXFrameworksBuildPhase;
			buildActionMask = 2147483647;
			files = (
			);
			runOnlyForDeploymentPostprocessing = 0;
		};
		DD31A461219D1E17008DD265 /* Frameworks */ = {
			isa = PBXFrameworksBuildPhase;
			buildActionMask = 2147483647;
			files = (
			);
			runOnlyForDeploymentPostprocessing = 0;
		};
/* End PBXFrameworksBuildPhase section */

/* Begin PBXGroup section */
		DD31A438219D1E02008DD265 = {
			isa = PBXGroup;
			children = (
				DD31A443219D1E03008DD265 /* DemoDemo */,
				DD31A45C219D1E17008DD265 /* DemoDemoTests */,
				DD31A467219D1E17008DD265 /* DemoDemoUITests */,
				DD31A442219D1E03008DD265 /* Products */,
			);
			sourceTree = "<group>";
		};
		DD31A442219D1E03008DD265 /* Products */ = {
			isa = PBXGroup;
			children = (
				DD31A441219D1E03008DD265 /* DemoDemo.app */,
				DD31A459219D1E17008DD265 /* DemoDemoTests.xctest */,
				DD31A464219D1E17008DD265 /* DemoDemoUITests.xctest */,
			);
			name = Products;
			sourceTree = "<group>";
		};
		DD31A443219D1E03008DD265 /* DemoDemo */ = {
			isa = PBXGroup;
			children = (
				DD31A444219D1E03008DD265 /* AppDelegate.h */,
				DD31A445219D1E03008DD265 /* AppDelegate.m */,
				DD31A447219D1E03008DD265 /* ViewController.h */,
				DD31A448219D1E03008DD265 /* ViewController.m */,
				DD31A44A219D1E03008DD265 /* Main.storyboard */,
				DD31A44D219D1E17008DD265 /* Assets.xcassets */,
				DD31A44F219D1E17008DD265 /* LaunchScreen.storyboard */,
				DD31A452219D1E17008DD265 /* Info.plist */,
				DD31A453219D1E17008DD265 /* main.m */,
			);
			path = DemoDemo;
			sourceTree = "<group>";
		};
		DD31A45C219D1E17008DD265 /* DemoDemoTests */ = {
			isa = PBXGroup;
			children = (
				DD31A45D219D1E17008DD265 /* DemoDemoTests.m */,
				DD31A45F219D1E17008DD265 /* Info.plist */,
			);
			path = DemoDemoTests;
			sourceTree = "<group>";
		};
		DD31A467219D1E17008DD265 /* DemoDemoUITests */ = {
			isa = PBXGroup;
			children = (
				DD31A468219D1E17008DD265 /* DemoDemoUITests.m */,
				DD31A46A219D1E17008DD265 /* Info.plist */,
			);
			path = DemoDemoUITests;
			sourceTree = "<group>";
		};
/* End PBXGroup section */

/* Begin PBXNativeTarget section */
		DD31A440219D1E03008DD265 /* DemoDemo */ = {
			isa = PBXNativeTarget;
			buildConfigurationList = DD31A46D219D1E17008DD265 /* Build configuration list for PBXNativeTarget "DemoDemo" */;
			buildPhases = (
				DD31A43D219D1E03008DD265 /* Sources */,
				DD31A43E219D1E03008DD265 /* Frameworks */,
				DD31A43F219D1E03008DD265 /* Resources */,
			);
			buildRules = (
			);
			dependencies = (
			);
			name = DemoDemo;
			productName = DemoDemo;
			productReference = DD31A441219D1E03008DD265 /* DemoDemo.app */;
			productType = "com.apple.product-type.application";
		};
		DD31A458219D1E17008DD265 /* DemoDemoTests */ = {
			isa = PBXNativeTarget;
			buildConfigurationList = DD31A470219D1E17008DD265 /* Build configuration list for PBXNativeTarget "DemoDemoTests" */;
			buildPhases = (
				DD31A455219D1E17008DD265 /* Sources */,
				DD31A456219D1E17008DD265 /* Frameworks */,
				DD31A457219D1E17008DD265 /* Resources */,
			);
			buildRules = (
			);
			dependencies = (
				DD31A45B219D1E17008DD265 /* PBXTargetDependency */,
			);
			name = DemoDemoTests;
			productName = DemoDemoTests;
			productReference = DD31A459219D1E17008DD265 /* DemoDemoTests.xctest */;
			productType = "com.apple.product-type.bundle.unit-test";
		};
		DD31A463219D1E17008DD265 /* DemoDemoUITests */ = {
			isa = PBXNativeTarget;
			buildConfigurationList = DD31A473219D1E17008DD265 /* Build configuration list for PBXNativeTarget "DemoDemoUITests" */;
			buildPhases = (
				DD31A460219D1E17008DD265 /* Sources */,
				DD31A461219D1E17008DD265 /* Frameworks */,
				DD31A462219D1E17008DD265 /* Resources */,
			);
			buildRules = (
			);
			dependencies = (
				DD31A466219D1E17008DD265 /* PBXTargetDependency */,
			);
			name = DemoDemoUITests;
			productName = DemoDemoUITests;
			productReference = DD31A464219D1E17008DD265 /* DemoDemoUITests.xctest */;
			productType = "com.apple.product-type.bundle.ui-testing";
		};
/* End PBXNativeTarget section */

/* Begin PBXProject section */
		DD31A439219D1E02008DD265 /* Project object */ = {
			isa = PBXProject;
			attributes = {
				LastUpgradeCheck = 0940;
				ORGANIZATIONNAME = "范礼聪";
				TargetAttributes = {
					DD31A440219D1E03008DD265 = {
						CreatedOnToolsVersion = 9.4.1;
					};
					DD31A458219D1E17008DD265 = {
						CreatedOnToolsVersion = 9.4.1;
						TestTargetID = DD31A440219D1E03008DD265;
					};
					DD31A463219D1E17008DD265 = {
						CreatedOnToolsVersion = 9.4.1;
						TestTargetID = DD31A440219D1E03008DD265;
					};
				};
			};
			buildConfigurationList = DD31A43C219D1E03008DD265 /* Build configuration list for PBXProject "DemoDemo" */;
			compatibilityVersion = "Xcode 9.3";
			developmentRegion = en;
			hasScannedForEncodings = 0;
			knownRegions = (
				en,
				Base,
			);
			mainGroup = DD31A438219D1E02008DD265;
			productRefGroup = DD31A442219D1E03008DD265 /* Products */;
			projectDirPath = "";
			projectRoot = "";
			targets = (
				DD31A440219D1E03008DD265 /* DemoDemo */,
				DD31A458219D1E17008DD265 /* DemoDemoTests */,
				DD31A463219D1E17008DD265 /* DemoDemoUITests */,
			);
		};
/* End PBXProject section */

/* Begin PBXResourcesBuildPhase section */
		DD31A43F219D1E03008DD265 /* Resources */ = {
			isa = PBXResourcesBuildPhase;
			buildActionMask = 2147483647;
			files = (
				DD31A451219D1E17008DD265 /* LaunchScreen.storyboard in Resources */,
				DD31A44E219D1E17008DD265 /* Assets.xcassets in Resources */,
				DD31A44C219D1E03008DD265 /* Main.storyboard in Resources */,
			);
			runOnlyForDeploymentPostprocessing = 0;
		};
		DD31A457219D1E17008DD265 /* Resources */ = {
			isa = PBXResourcesBuildPhase;
			buildActionMask = 2147483647;
			files = (
			);
			runOnlyForDeploymentPostprocessing = 0;
		};
		DD31A462219D1E17008DD265 /* Resources */ = {
			isa = PBXResourcesBuildPhase;
			buildActionMask = 2147483647;
			files = (
			);
			runOnlyForDeploymentPostprocessing = 0;
		};
/* End PBXResourcesBuildPhase section */

/* Begin PBXSourcesBuildPhase section */
		DD31A43D219D1E03008DD265 /* Sources */ = {
			isa = PBXSourcesBuildPhase;
			buildActionMask = 2147483647;
			files = (
				DD31A449219D1E03008DD265 /* ViewController.m in Sources */,
				DD31A454219D1E17008DD265 /* main.m in Sources */,
				DD31A446219D1E03008DD265 /* AppDelegate.m in Sources */,
			);
			runOnlyForDeploymentPostprocessing = 0;
		};
		DD31A455219D1E17008DD265 /* Sources */ = {
			isa = PBXSourcesBuildPhase;
			buildActionMask = 2147483647;
			files = (
				DD31A45E219D1E17008DD265 /* DemoDemoTests.m in Sources */,
			);
			runOnlyForDeploymentPostprocessing = 0;
		};
		DD31A460219D1E17008DD265 /* Sources */ = {
			isa = PBXSourcesBuildPhase;
			buildActionMask = 2147483647;
			files = (
				DD31A469219D1E17008DD265 /* DemoDemoUITests.m in Sources */,
			);
			runOnlyForDeploymentPostprocessing = 0;
		};
/* End PBXSourcesBuildPhase section */

/* Begin PBXTargetDependency section */
		DD31A45B219D1E17008DD265 /* PBXTargetDependency */ = {
			isa = PBXTargetDependency;
			target = DD31A440219D1E03008DD265 /* DemoDemo */;
			targetProxy = DD31A45A219D1E17008DD265 /* PBXContainerItemProxy */;
		};
		DD31A466219D1E17008DD265 /* PBXTargetDependency */ = {
			isa = PBXTargetDependency;
			target = DD31A440219D1E03008DD265 /* DemoDemo */;
			targetProxy = DD31A465219D1E17008DD265 /* PBXContainerItemProxy */;
		};
/* End PBXTargetDependency section */

/* Begin PBXVariantGroup section */
		DD31A44A219D1E03008DD265 /* Main.storyboard */ = {
			isa = PBXVariantGroup;
			children = (
				DD31A44B219D1E03008DD265 /* Base */,
			);
			name = Main.storyboard;
			sourceTree = "<group>";
		};
		DD31A44F219D1E17008DD265 /* LaunchScreen.storyboard */ = {
			isa = PBXVariantGroup;
			children = (
				DD31A450219D1E17008DD265 /* Base */,
			);
			name = LaunchScreen.storyboard;
			sourceTree = "<group>";
		};
/* End PBXVariantGroup section */

/* Begin XCBuildConfiguration section */
		DD31A46B219D1E17008DD265 /* Debug */ = {
			isa = XCBuildConfiguration;
			buildSettings = {
				ALWAYS_SEARCH_USER_PATHS = NO;
				CLANG_ANALYZER_NONNULL = YES;
				CLANG_ANALYZER_NUMBER_OBJECT_CONVERSION = YES_AGGRESSIVE;
				CLANG_CXX_LANGUAGE_STANDARD = "gnu++14";
				CLANG_CXX_LIBRARY = "libc++";
				CLANG_ENABLE_MODULES = YES;
				CLANG_ENABLE_OBJC_ARC = YES;
				CLANG_ENABLE_OBJC_WEAK = YES;
				CLANG_WARN_BLOCK_CAPTURE_AUTORELEASING = YES;
				CLANG_WARN_BOOL_CONVERSION = YES;
				CLANG_WARN_COMMA = YES;
				CLANG_WARN_CONSTANT_CONVERSION = YES;
				CLANG_WARN_DEPRECATED_OBJC_IMPLEMENTATIONS = YES;
				CLANG_WARN_DIRECT_OBJC_ISA_USAGE = YES_ERROR;
				CLANG_WARN_DOCUMENTATION_COMMENTS = YES;
				CLANG_WARN_EMPTY_BODY = YES;
				CLANG_WARN_ENUM_CONVERSION = YES;
				CLANG_WARN_INFINITE_RECURSION = YES;
				CLANG_WARN_INT_CONVERSION = YES;
				CLANG_WARN_NON_LITERAL_NULL_CONVERSION = YES;
				CLANG_WARN_OBJC_IMPLICIT_RETAIN_SELF = YES;
				CLANG_WARN_OBJC_LITERAL_CONVERSION = YES;
				CLANG_WARN_OBJC_ROOT_CLASS = YES_ERROR;
				CLANG_WARN_RANGE_LOOP_ANALYSIS = YES;
				CLANG_WARN_STRICT_PROTOTYPES = YES;
				CLANG_WARN_SUSPICIOUS_MOVE = YES;
				CLANG_WARN_UNGUARDED_AVAILABILITY = YES_AGGRESSIVE;
				CLANG_WARN_UNREACHABLE_CODE = YES;
				CLANG_WARN__DUPLICATE_METHOD_MATCH = YES;
				CODE_SIGN_IDENTITY = "iPhone Developer";
				COPY_PHASE_STRIP = NO;
				DEBUG_INFORMATION_FORMAT = dwarf;
				ENABLE_STRICT_OBJC_MSGSEND = YES;
				ENABLE_TESTABILITY = YES;
				GCC_C_LANGUAGE_STANDARD = gnu11;
				GCC_DYNAMIC_NO_PIC = NO;
				GCC_NO_COMMON_BLOCKS = YES;
				GCC_OPTIMIZATION_LEVEL = 0;
				GCC_PREPROCESSOR_DEFINITIONS = (
					"DEBUG=1",
					"$(inherited)",
				);
				GCC_WARN_64_TO_32_BIT_CONVERSION = YES;
				GCC_WARN_ABOUT_RETURN_TYPE = YES_ERROR;
				GCC_WARN_UNDECLARED_SELECTOR = YES;
				GCC_WARN_UNINITIALIZED_AUTOS = YES_AGGRESSIVE;
				GCC_WARN_UNUSED_FUNCTION = YES;
				GCC_WARN_UNUSED_VARIABLE = YES;
				IPHONEOS_DEPLOYMENT_TARGET = 11.4;
				MTL_ENABLE_DEBUG_INFO = YES;
				ONLY_ACTIVE_ARCH = YES;
				SDKROOT = iphoneos;
			};
			name = Debug;
		};
		DD31A46C219D1E17008DD265 /* Release */ = {
			isa = XCBuildConfiguration;
			buildSettings = {
				ALWAYS_SEARCH_USER_PATHS = NO;
				CLANG_ANALYZER_NONNULL = YES;
				CLANG_ANALYZER_NUMBER_OBJECT_CONVERSION = YES_AGGRESSIVE;
				CLANG_CXX_LANGUAGE_STANDARD = "gnu++14";
				CLANG_CXX_LIBRARY = "libc++";
				CLANG_ENABLE_MODULES = YES;
				CLANG_ENABLE_OBJC_ARC = YES;
				CLANG_ENABLE_OBJC_WEAK = YES;
				CLANG_WARN_BLOCK_CAPTURE_AUTORELEASING = YES;
				CLANG_WARN_BOOL_CONVERSION = YES;
				CLANG_WARN_COMMA = YES;
				CLANG_WARN_CONSTANT_CONVERSION = YES;
				CLANG_WARN_DEPRECATED_OBJC_IMPLEMENTATIONS = YES;
				CLANG_WARN_DIRECT_OBJC_ISA_USAGE = YES_ERROR;
				CLANG_WARN_DOCUMENTATION_COMMENTS = YES;
				CLANG_WARN_EMPTY_BODY = YES;
				CLANG_WARN_ENUM_CONVERSION = YES;
				CLANG_WARN_INFINITE_RECURSION = YES;
				CLANG_WARN_INT_CONVERSION = YES;
				CLANG_WARN_NON_LITERAL_NULL_CONVERSION = YES;
				CLANG_WARN_OBJC_IMPLICIT_RETAIN_SELF = YES;
				CLANG_WARN_OBJC_LITERAL_CONVERSION = YES;
				CLANG_WARN_OBJC_ROOT_CLASS = YES_ERROR;
				CLANG_WARN_RANGE_LOOP_ANALYSIS = YES;
				CLANG_WARN_STRICT_PROTOTYPES = YES;
				CLANG_WARN_SUSPICIOUS_MOVE = YES;
				CLANG_WARN_UNGUARDED_AVAILABILITY = YES_AGGRESSIVE;
				CLANG_WARN_UNREACHABLE_CODE = YES;
				CLANG_WARN__DUPLICATE_METHOD_MATCH = YES;
				CODE_SIGN_IDENTITY = "iPhone Developer";
				COPY_PHASE_STRIP = NO;
				DEBUG_INFORMATION_FORMAT = "dwarf-with-dsym";
				ENABLE_NS_ASSERTIONS = NO;
				ENABLE_STRICT_OBJC_MSGSEND = YES;
				GCC_C_LANGUAGE_STANDARD = gnu11;
				GCC_NO_COMMON_BLOCKS = YES;
				GCC_WARN_64_TO_32_BIT_CONVERSION = YES;
				GCC_WARN_ABOUT_RETURN_TYPE = YES_ERROR;
				GCC_WARN_UNDECLARED_SELECTOR = YES;
				GCC_WARN_UNINITIALIZED_AUTOS = YES_AGGRESSIVE;
				GCC_WARN_UNUSED_FUNCTION = YES;
				GCC_WARN_UNUSED_VARIABLE = YES;
				IPHONEOS_DEPLOYMENT_TARGET = 11.4;
				MTL_ENABLE_DEBUG_INFO = NO;
				SDKROOT = iphoneos;
				VALIDATE_PRODUCT = YES;
			};
			name = Release;
		};
		DD31A46E219D1E17008DD265 /* Debug */ = {
			isa = XCBuildConfiguration;
			buildSettings = {
				ASSETCATALOG_COMPILER_APPICON_NAME = AppIcon;
				CODE_SIGN_STYLE = Automatic;
				DEVELOPMENT_TEAM = QL28K4454W;
				INFOPLIST_FILE = DemoDemo/Info.plist;
				LD_RUNPATH_SEARCH_PATHS = (
					"$(inherited)",
					"@executable_path/Frameworks",
				);
				PRODUCT_BUNDLE_IDENTIFIER = "-23.DemoDemo";
				PRODUCT_NAME = "$(TARGET_NAME)";
				TARGETED_DEVICE_FAMILY = "1,2";
			};
			name = Debug;
		};
		DD31A46F219D1E17008DD265 /* Release */ = {
			isa = XCBuildConfiguration;
			buildSettings = {
				ASSETCATALOG_COMPILER_APPICON_NAME = AppIcon;
				CODE_SIGN_STYLE = Automatic;
				DEVELOPMENT_TEAM = QL28K4454W;
				INFOPLIST_FILE = DemoDemo/Info.plist;
				LD_RUNPATH_SEARCH_PATHS = (
					"$(inherited)",
					"@executable_path/Frameworks",
				);
				PRODUCT_BUNDLE_IDENTIFIER = "-23.DemoDemo";
				PRODUCT_NAME = "$(TARGET_NAME)";
				TARGETED_DEVICE_FAMILY = "1,2";
			};
			name = Release;
		};
		DD31A471219D1E17008DD265 /* Debug */ = {
			isa = XCBuildConfiguration;
			buildSettings = {
				BUNDLE_LOADER = "$(TEST_HOST)";
				CODE_SIGN_STYLE = Automatic;
				DEVELOPMENT_TEAM = QL28K4454W;
				INFOPLIST_FILE = DemoDemoTests/Info.plist;
				LD_RUNPATH_SEARCH_PATHS = (
					"$(inherited)",
					"@executable_path/Frameworks",
					"@loader_path/Frameworks",
				);
				PRODUCT_BUNDLE_IDENTIFIER = "-23.DemoDemoTests";
				PRODUCT_NAME = "$(TARGET_NAME)";
				TARGETED_DEVICE_FAMILY = "1,2";
				TEST_HOST = "$(BUILT_PRODUCTS_DIR)/DemoDemo.app/DemoDemo";
			};
			name = Debug;
		};
		DD31A472219D1E17008DD265 /* Release */ = {
			isa = XCBuildConfiguration;
			buildSettings = {
				BUNDLE_LOADER = "$(TEST_HOST)";
				CODE_SIGN_STYLE = Automatic;
				DEVELOPMENT_TEAM = QL28K4454W;
				INFOPLIST_FILE = DemoDemoTests/Info.plist;
				LD_RUNPATH_SEARCH_PATHS = (
					"$(inherited)",
					"@executable_path/Frameworks",
					"@loader_path/Frameworks",
				);
				PRODUCT_BUNDLE_IDENTIFIER = "-23.DemoDemoTests";
				PRODUCT_NAME = "$(TARGET_NAME)";
				TARGETED_DEVICE_FAMILY = "1,2";
				TEST_HOST = "$(BUILT_PRODUCTS_DIR)/DemoDemo.app/DemoDemo";
			};
			name = Release;
		};
		DD31A474219D1E17008DD265 /* Debug */ = {
			isa = XCBuildConfiguration;
			buildSettings = {
				CODE_SIGN_STYLE = Automatic;
				DEVELOPMENT_TEAM = QL28K4454W;
				INFOPLIST_FILE = DemoDemoUITests/Info.plist;
				LD_RUNPATH_SEARCH_PATHS = (
					"$(inherited)",
					"@executable_path/Frameworks",
					"@loader_path/Frameworks",
				);
				PRODUCT_BUNDLE_IDENTIFIER = "-23.DemoDemoUITests";
				PRODUCT_NAME = "$(TARGET_NAME)";
				TARGETED_DEVICE_FAMILY = "1,2";
				TEST_TARGET_NAME = DemoDemo;
			};
			name = Debug;
		};
		DD31A475219D1E17008DD265 /* Release */ = {
			isa = XCBuildConfiguration;
			buildSettings = {
				CODE_SIGN_STYLE = Automatic;
				DEVELOPMENT_TEAM = QL28K4454W;
				INFOPLIST_FILE = DemoDemoUITests/Info.plist;
				LD_RUNPATH_SEARCH_PATHS = (
					"$(inherited)",
					"@executable_path/Frameworks",
					"@loader_path/Frameworks",
				);
				PRODUCT_BUNDLE_IDENTIFIER = "-23.DemoDemoUITests";
				PRODUCT_NAME = "$(TARGET_NAME)";
				TARGETED_DEVICE_FAMILY = "1,2";
				TEST_TARGET_NAME = DemoDemo;
			};
			name = Release;
		};
/* End XCBuildConfiguration section */

/* Begin XCConfigurationList section */
		DD31A43C219D1E03008DD265 /* Build configuration list for PBXProject "DemoDemo" */ = {
			isa = XCConfigurationList;
			buildConfigurations = (
				DD31A46B219D1E17008DD265 /* Debug */,
				DD31A46C219D1E17008DD265 /* Release */,
			);
			defaultConfigurationIsVisible = 0;
			defaultConfigurationName = Release;
		};
		DD31A46D219D1E17008DD265 /* Build configuration list for PBXNativeTarget "DemoDemo" */ = {
			isa = XCConfigurationList;
			buildConfigurations = (
				DD31A46E219D1E17008DD265 /* Debug */,
				DD31A46F219D1E17008DD265 /* Release */,
			);
			defaultConfigurationIsVisible = 0;
			defaultConfigurationName = Release;
		};
		DD31A470219D1E17008DD265 /* Build configuration list for PBXNativeTarget "DemoDemoTests" */ = {
			isa = XCConfigurationList;
			buildConfigurations = (
				DD31A471219D1E17008DD265 /* Debug */,
				DD31A472219D1E17008DD265 /* Release */,
			);
			defaultConfigurationIsVisible = 0;
			defaultConfigurationName = Release;
		};
		DD31A473219D1E17008DD265 /* Build configuration list for PBXNativeTarget "DemoDemoUITests" */ = {
			isa = XCConfigurationList;
			buildConfigurations = (
				DD31A474219D1E17008DD265 /* Debug */,
				DD31A475219D1E17008DD265 /* Release */,
			);
			defaultConfigurationIsVisible = 0;
			defaultConfigurationName = Release;
		};
/* End XCConfigurationList section */
	};
	rootObject = DD31A439219D1E02008DD265 /* Project object */;
}
